
Microsoft Visual Studio Solution File, Format Version 12.00
# Visual Studio Version 17
VisualStudioVersion = 17.7.34202.233
MinimumVisualStudioVersion = 10.0.40219.1
Project("{FAE04EC0-301F-11D3-BF4B-00C04F79EFBC}") = "Jogo_Do_Labirinto", "Jogo_Do_Labirinto.csproj", "{D24B5E9B-C960-4C9D-96CB-AEBD621BBFF1}"
EndProject
Global
	GlobalSection(SolutionConfigurationPlatforms) = preSolution
		Debug|Any CPU = Debug|Any CPU
		Release|Any CPU = Release|Any CPU
	EndGlobalSection
	GlobalSection(ProjectConfigurationPlatforms) = postSolution
		{D24B5E9B-C960-4C9D-96CB-AEBD621BBFF1}.Debug|Any CPU.ActiveCfg = Debug|Any CPU
		{D24B5E9B-C960-4C9D-96CB-AEBD621BBFF1}.Debug|Any CPU.Build.0 = Debug|Any CPU
		{D24B5E9B-C960-4C9D-96CB-AEBD621BBFF1}.Release|Any CPU.ActiveCfg = Release|Any CPU
		{D24B5E9B-C960-4C9D-96CB-AEBD621BBFF1}.Release|Any CPU.Build.0 = Release|Any CPU
	EndGlobalSection
	GlobalSection(SolutionProperties) = preSolution
		HideSolutionNode = FALSE
	EndGlobalSection
	GlobalSection(ExtensibilityGlobals) = postSolution
		SolutionGuid = {D65B7469-3E5A-42A1-823E-3975EF4851F7}
	EndGlobalSection
EndGlobal
